
Microsoft Visual Studio Solution File, Format Version 12.00
# Visual Studio Version 16
VisualStudioVersion = 16.0.31515.178
MinimumVisualStudioVersion = 10.0.40219.1
Project("{FAE04EC0-301F-11D3-BF4B-00C04F79EFBC}") = "CountDownWinform", "CountDownWinform.csproj", "{670D37B1-0776-40FE-8815-8FF4E83E4C81}"
EndProject
Global
	GlobalSection(SolutionConfigurationPlatforms) = preSolution
		Debug|Any CPU = Debug|Any CPU
		Release|Any CPU = Release|Any CPU
	EndGlobalSection
	GlobalSection(ProjectConfigurationPlatforms) = postSolution
		{670D37B1-0776-40FE-8815-8FF4E83E4C81}.Debug|Any CPU.ActiveCfg = Debug|Any CPU
		{670D37B1-0776-40FE-8815-8FF4E83E4C81}.Debug|Any CPU.Build.0 = Debug|Any CPU
		{670D37B1-0776-40FE-8815-8FF4E83E4C81}.Release|Any CPU.ActiveCfg = Release|Any CPU
		{670D37B1-0776-40FE-8815-8FF4E83E4C81}.Release|Any CPU.Build.0 = Release|Any CPU
	EndGlobalSection
	GlobalSection(SolutionProperties) = preSolution
		HideSolutionNode = FALSE
	EndGlobalSection
	GlobalSection(ExtensibilityGlobals) = postSolution
		SolutionGuid = {7E751E7E-7E0C-451F-982B-EBF0B664337A}
	EndGlobalSection
EndGlobal
